// !$*UTF8*$!
{
	archiveVersion = 1;
	classes = {
	};
	objectVersion = 46;
	objects = {

/* Begin PBXBuildFile section */
		0F656D5E1F0C483000CCD549 /* AppDelegate.swift in Sources */ = {isa = PBXBuildFile; fileRef = 0F656D5D1F0C483000CCD549 /* AppDelegate.swift */; };
		0F656D651F0C483000CCD549 /* Assets.xcassets in Resources */ = {isa = PBXBuildFile; fileRef = 0F656D641F0C483000CCD549 /* Assets.xcassets */; };
		0F656D681F0C483000CCD549 /* LaunchScreen.storyboard in Resources */ = {isa = PBXBuildFile; fileRef = 0F656D661F0C483000CCD549 /* LaunchScreen.storyboard */; };
		0FC3EDAF1F0ECAA9007BA45A /* PersonTest.swift in Sources */ = {isa = PBXBuildFile; fileRef = 0FC3EDAE1F0ECAA9007BA45A /* PersonTest.swift */; };
		0FC3EDB11F0ECD89007BA45A /* Person.swift in Sources */ = {isa = PBXBuildFile; fileRef = 0FC3EDB01F0ECD89007BA45A /* Person.swift */; };
		0FFFC5E41F0EC0F90021F48D /* HouseTests.swift in Sources */ = {isa = PBXBuildFile; fileRef = 0FFFC5E31F0EC0F90021F48D /* HouseTests.swift */; };
		0FFFC5E61F0EC23C0021F48D /* House.swift in Sources */ = {isa = PBXBuildFile; fileRef = 0FFFC5E51F0EC23C0021F48D /* House.swift */; };
		0FFFC5EA1F0EC8750021F48D /* lannister.jpg in Resources */ = {isa = PBXBuildFile; fileRef = 0FFFC5E81F0EC8750021F48D /* lannister.jpg */; };
		0FFFC5EB1F0EC8750021F48D /* codeIsComing.png in Resources */ = {isa = PBXBuildFile; fileRef = 0FFFC5E91F0EC8750021F48D /* codeIsComing.png */; };
/* End PBXBuildFile section */

/* Begin PBXContainerItemProxy section */
		0F656D6F1F0C483000CCD549 /* PBXContainerItemProxy */ = {
			isa = PBXContainerItemProxy;
			containerPortal = 0F656D521F0C483000CCD549 /* Project object */;
			proxyType = 1;
			remoteGlobalIDString = 0F656D591F0C483000CCD549;
			remoteInfo = Westeros;
		};
/* End PBXContainerItemProxy section */

/* Begin PBXFileReference section */
		0F656D5A1F0C483000CCD549 /* Westeros.app */ = {isa = PBXFileReference; explicitFileType = wrapper.application; includeInIndex = 0; path = Westeros.app; sourceTree = BUILT_PRODUCTS_DIR; };
		0F656D5D1F0C483000CCD549 /* AppDelegate.swift */ = {isa = PBXFileReference; lastKnownFileType = sourcecode.swift; path = AppDelegate.swift; sourceTree = "<group>"; };
		0F656D641F0C483000CCD549 /* Assets.xcassets */ = {isa = PBXFileReference; lastKnownFileType = folder.assetcatalog; path = Assets.xcassets; sourceTree = "<group>"; };
		0F656D671F0C483000CCD549 /* Base */ = {isa = PBXFileReference; lastKnownFileType = file.storyboard; name = Base; path = Base.lproj/LaunchScreen.storyboard; sourceTree = "<group>"; };
		0F656D691F0C483000CCD549 /* Info.plist */ = {isa = PBXFileReference; lastKnownFileType = text.plist.xml; path = Info.plist; sourceTree = "<group>"; };
		0F656D6E1F0C483000CCD549 /* WesterosTests.xctest */ = {isa = PBXFileReference; explicitFileType = wrapper.cfbundle; includeInIndex = 0; path = WesterosTests.xctest; sourceTree = BUILT_PRODUCTS_DIR; };
		0F656D741F0C483000CCD549 /* Info.plist */ = {isa = PBXFileReference; lastKnownFileType = text.plist.xml; path = Info.plist; sourceTree = "<group>"; };
		0FC3EDAE1F0ECAA9007BA45A /* PersonTest.swift */ = {isa = PBXFileReference; fileEncoding = 4; lastKnownFileType = sourcecode.swift; path = PersonTest.swift; sourceTree = "<group>"; };
		0FC3EDB01F0ECD89007BA45A /* Person.swift */ = {isa = PBXFileReference; fileEncoding = 4; lastKnownFileType = sourcecode.swift; path = Person.swift; sourceTree = "<group>"; };
		0FFFC5E31F0EC0F90021F48D /* HouseTests.swift */ = {isa = PBXFileReference; fileEncoding = 4; lastKnownFileType = sourcecode.swift; path = HouseTests.swift; sourceTree = "<group>"; };
		0FFFC5E51F0EC23C0021F48D /* House.swift */ = {isa = PBXFileReference; fileEncoding = 4; lastKnownFileType = sourcecode.swift; path = House.swift; sourceTree = "<group>"; };
		0FFFC5E81F0EC8750021F48D /* lannister.jpg */ = {isa = PBXFileReference; lastKnownFileType = image.jpeg; path = lannister.jpg; sourceTree = "<group>"; };
		0FFFC5E91F0EC8750021F48D /* codeIsComing.png */ = {isa = PBXFileReference; lastKnownFileType = image.png; path = codeIsComing.png; sourceTree = "<group>"; };
/* End PBXFileReference section */

/* Begin PBXFrameworksBuildPhase section */
		0F656D571F0C483000CCD549 /* Frameworks */ = {
			isa = PBXFrameworksBuildPhase;
			buildActionMask = 2147483647;
			files = (
			);
			runOnlyForDeploymentPostprocessing = 0;
		};
		0F656D6B1F0C483000CCD549 /* Frameworks */ = {
			isa = PBXFrameworksBuildPhase;
			buildActionMask = 2147483647;
			files = (
			);
			runOnlyForDeploymentPostprocessing = 0;
		};
/* End PBXFrameworksBuildPhase section */

/* Begin PBXGroup section */
		0F656D511F0C483000CCD549 = {
			isa = PBXGroup;
			children = (
				0F656D5C1F0C483000CCD549 /* Westeros */,
				0F656D711F0C483000CCD549 /* WesterosTests */,
				0F656D5B1F0C483000CCD549 /* Products */,
			);
			sourceTree = "<group>";
		};
		0F656D5B1F0C483000CCD549 /* Products */ = {
			isa = PBXGroup;
			children = (
				0F656D5A1F0C483000CCD549 /* Westeros.app */,
				0F656D6E1F0C483000CCD549 /* WesterosTests.xctest */,
			);
			name = Products;
			sourceTree = "<group>";
		};
		0F656D5C1F0C483000CCD549 /* Westeros */ = {
			isa = PBXGroup;
			children = (
				0FFFC5EC1F0EC87D0021F48D /* Resources */,
				0FFFC5E71F0EC2460021F48D /* Models */,
				0F656D5D1F0C483000CCD549 /* AppDelegate.swift */,
				0F656D641F0C483000CCD549 /* Assets.xcassets */,
				0F656D661F0C483000CCD549 /* LaunchScreen.storyboard */,
				0F656D691F0C483000CCD549 /* Info.plist */,
			);
			path = Westeros;
			sourceTree = "<group>";
		};
		0F656D711F0C483000CCD549 /* WesterosTests */ = {
			isa = PBXGroup;
			children = (
				0F656D741F0C483000CCD549 /* Info.plist */,
				0FFFC5E31F0EC0F90021F48D /* HouseTests.swift */,
				0FC3EDAE1F0ECAA9007BA45A /* PersonTest.swift */,
			);
			path = WesterosTests;
			sourceTree = "<group>";
		};
		0FFFC5E71F0EC2460021F48D /* Models */ = {
			isa = PBXGroup;
			children = (
				0FFFC5E51F0EC23C0021F48D /* House.swift */,
				0FC3EDB01F0ECD89007BA45A /* Person.swift */,
			);
			name = Models;
			sourceTree = "<group>";
		};
		0FFFC5EC1F0EC87D0021F48D /* Resources */ = {
			isa = PBXGroup;
			children = (
				0FFFC5E81F0EC8750021F48D /* lannister.jpg */,
				0FFFC5E91F0EC8750021F48D /* codeIsComing.png */,
			);
			name = Resources;
			sourceTree = "<group>";
		};
/* End PBXGroup section */

/* Begin PBXNativeTarget section */
		0F656D591F0C483000CCD549 /* Westeros */ = {
			isa = PBXNativeTarget;
			buildConfigurationList = 0F656D771F0C483000CCD549 /* Build configuration list for PBXNativeTarget "Westeros" */;
			buildPhases = (
				0F656D561F0C483000CCD549 /* Sources */,
				0F656D571F0C483000CCD549 /* Frameworks */,
				0F656D581F0C483000CCD549 /* Resources */,
			);
			buildRules = (
			);
			dependencies = (
			);
			name = Westeros;
			productName = Westeros;
			productReference = 0F656D5A1F0C483000CCD549 /* Westeros.app */;
			productType = "com.apple.product-type.application";
		};
		0F656D6D1F0C483000CCD549 /* WesterosTests */ = {
			isa = PBXNativeTarget;
			buildConfigurationList = 0F656D7A1F0C483000CCD549 /* Build configuration list for PBXNativeTarget "WesterosTests" */;
			buildPhases = (
				0F656D6A1F0C483000CCD549 /* Sources */,
				0F656D6B1F0C483000CCD549 /* Frameworks */,
				0F656D6C1F0C483000CCD549 /* Resources */,
			);
			buildRules = (
			);
			dependencies = (
				0F656D701F0C483000CCD549 /* PBXTargetDependency */,
			);
			name = WesterosTests;
			productName = WesterosTests;
			productReference = 0F656D6E1F0C483000CCD549 /* WesterosTests.xctest */;
			productType = "com.apple.product-type.bundle.unit-test";
		};
/* End PBXNativeTarget section */

/* Begin PBXProject section */
		0F656D521F0C483000CCD549 /* Project object */ = {
			isa = PBXProject;
			attributes = {
				LastSwiftUpdateCheck = 0830;
				LastUpgradeCheck = 0830;
				ORGANIZATIONNAME = fcallau;
				TargetAttributes = {
					0F656D591F0C483000CCD549 = {
						CreatedOnToolsVersion = 8.3.3;
						DevelopmentTeam = A8P4MEH6J9;
						ProvisioningStyle = Automatic;
					};
					0F656D6D1F0C483000CCD549 = {
						CreatedOnToolsVersion = 8.3.3;
						DevelopmentTeam = A8P4MEH6J9;
						LastSwiftMigration = 0830;
						ProvisioningStyle = Automatic;
						TestTargetID = 0F656D591F0C483000CCD549;
					};
				};
			};
			buildConfigurationList = 0F656D551F0C483000CCD549 /* Build configuration list for PBXProject "Westeros" */;
			compatibilityVersion = "Xcode 3.2";
			developmentRegion = English;
			hasScannedForEncodings = 0;
			knownRegions = (
				en,
				Base,
			);
			mainGroup = 0F656D511F0C483000CCD549;
			productRefGroup = 0F656D5B1F0C483000CCD549 /* Products */;
			projectDirPath = "";
			projectRoot = "";
			targets = (
				0F656D591F0C483000CCD549 /* Westeros */,
				0F656D6D1F0C483000CCD549 /* WesterosTests */,
			);
		};
/* End PBXProject section */

/* Begin PBXResourcesBuildPhase section */
		0F656D581F0C483000CCD549 /* Resources */ = {
			isa = PBXResourcesBuildPhase;
			buildActionMask = 2147483647;
			files = (
				0FFFC5EA1F0EC8750021F48D /* lannister.jpg in Resources */,
				0F656D681F0C483000CCD549 /* LaunchScreen.storyboard in Resources */,
				0F656D651F0C483000CCD549 /* Assets.xcassets in Resources */,
				0FFFC5EB1F0EC8750021F48D /* codeIsComing.png in Resources */,
			);
			runOnlyForDeploymentPostprocessing = 0;
		};
		0F656D6C1F0C483000CCD549 /* Resources */ = {
			isa = PBXResourcesBuildPhase;
			buildActionMask = 2147483647;
			files = (
			);
			runOnlyForDeploymentPostprocessing = 0;
		};
/* End PBXResourcesBuildPhase section */

/* Begin PBXSourcesBuildPhase section */
		0F656D561F0C483000CCD549 /* Sources */ = {
			isa = PBXSourcesBuildPhase;
			buildActionMask = 2147483647;
			files = (
				0FC3EDB11F0ECD89007BA45A /* Person.swift in Sources */,
				0FFFC5E61F0EC23C0021F48D /* House.swift in Sources */,
				0F656D5E1F0C483000CCD549 /* AppDelegate.swift in Sources */,
			);
			runOnlyForDeploymentPostprocessing = 0;
		};
		0F656D6A1F0C483000CCD549 /* Sources */ = {
			isa = PBXSourcesBuildPhase;
			buildActionMask = 2147483647;
			files = (
				0FFFC5E41F0EC0F90021F48D /* HouseTests.swift in Sources */,
				0FC3EDAF1F0ECAA9007BA45A /* PersonTest.swift in Sources */,
			);
			runOnlyForDeploymentPostprocessing = 0;
		};
/* End PBXSourcesBuildPhase section */

/* Begin PBXTargetDependency section */
		0F656D701F0C483000CCD549 /* PBXTargetDependency */ = {
			isa = PBXTargetDependency;
			target = 0F656D591F0C483000CCD549 /* Westeros */;
			targetProxy = 0F656D6F1F0C483000CCD549 /* PBXContainerItemProxy */;
		};
/* End PBXTargetDependency section */

/* Begin PBXVariantGroup section */
		0F656D661F0C483000CCD549 /* LaunchScreen.storyboard */ = {
			isa = PBXVariantGroup;
			children = (
				0F656D671F0C483000CCD549 /* Base */,
			);
			name = LaunchScreen.storyboard;
			sourceTree = "<group>";
		};
/* End PBXVariantGroup section */

/* Begin XCBuildConfiguration section */
		0F656D751F0C483000CCD549 /* Debug */ = {
			isa = XCBuildConfiguration;
			buildSettings = {
				ALWAYS_SEARCH_USER_PATHS = NO;
				CLANG_ANALYZER_NONNULL = YES;
				CLANG_ANALYZER_NUMBER_OBJECT_CONVERSION = YES_AGGRESSIVE;
				CLANG_CXX_LANGUAGE_STANDARD = "gnu++0x";
				CLANG_CXX_LIBRARY = "libc++";
				CLANG_ENABLE_MODULES = YES;
				CLANG_ENABLE_OBJC_ARC = YES;
				CLANG_WARN_BOOL_CONVERSION = YES;
				CLANG_WARN_CONSTANT_CONVERSION = YES;
				CLANG_WARN_DIRECT_OBJC_ISA_USAGE = YES_ERROR;
				CLANG_WARN_DOCUMENTATION_COMMENTS = YES;
				CLANG_WARN_EMPTY_BODY = YES;
				CLANG_WARN_ENUM_CONVERSION = YES;
				CLANG_WARN_INFINITE_RECURSION = YES;
				CLANG_WARN_INT_CONVERSION = YES;
				CLANG_WARN_OBJC_ROOT_CLASS = YES_ERROR;
				CLANG_WARN_SUSPICIOUS_MOVE = YES;
				CLANG_WARN_UNREACHABLE_CODE = YES;
				CLANG_WARN__DUPLICATE_METHOD_MATCH = YES;
				"CODE_SIGN_IDENTITY[sdk=iphoneos*]" = "iPhone Developer";
				COPY_PHASE_STRIP = NO;
				DEBUG_INFORMATION_FORMAT = dwarf;
				ENABLE_STRICT_OBJC_MSGSEND = YES;
				ENABLE_TESTABILITY = YES;
				GCC_C_LANGUAGE_STANDARD = gnu99;
				GCC_DYNAMIC_NO_PIC = NO;
				GCC_NO_COMMON_BLOCKS = YES;
				GCC_OPTIMIZATION_LEVEL = 0;
				GCC_PREPROCESSOR_DEFINITIONS = (
					"DEBUG=1",
					"$(inherited)",
				);
				GCC_WARN_64_TO_32_BIT_CONVERSION = YES;
				GCC_WARN_ABOUT_RETURN_TYPE = YES_ERROR;
				GCC_WARN_UNDECLARED_SELECTOR = YES;
				GCC_WARN_UNINITIALIZED_AUTOS = YES_AGGRESSIVE;
				GCC_WARN_UNUSED_FUNCTION = YES;
				GCC_WARN_UNUSED_VARIABLE = YES;
				IPHONEOS_DEPLOYMENT_TARGET = 10.3;
				MTL_ENABLE_DEBUG_INFO = YES;
				ONLY_ACTIVE_ARCH = YES;
				SDKROOT = iphoneos;
				SWIFT_ACTIVE_COMPILATION_CONDITIONS = DEBUG;
				SWIFT_OPTIMIZATION_LEVEL = "-Onone";
				TARGETED_DEVICE_FAMILY = "1,2";
			};
			name = Debug;
		};
		0F656D761F0C483000CCD549 /* Release */ = {
			isa = XCBuildConfiguration;
			buildSettings = {
				ALWAYS_SEARCH_USER_PATHS = NO;
				CLANG_ANALYZER_NONNULL = YES;
				CLANG_ANALYZER_NUMBER_OBJECT_CONVERSION = YES_AGGRESSIVE;
				CLANG_CXX_LANGUAGE_STANDARD = "gnu++0x";
				CLANG_CXX_LIBRARY = "libc++";
				CLANG_ENABLE_MODULES = YES;
				CLANG_ENABLE_OBJC_ARC = YES;
				CLANG_WARN_BOOL_CONVERSION = YES;
				CLANG_WARN_CONSTANT_CONVERSION = YES;
				CLANG_WARN_DIRECT_OBJC_ISA_USAGE = YES_ERROR;
				CLANG_WARN_DOCUMENTATION_COMMENTS = YES;
				CLANG_WARN_EMPTY_BODY = YES;
				CLANG_WARN_ENUM_CONVERSION = YES;
				CLANG_WARN_INFINITE_RECURSION = YES;
				CLANG_WARN_INT_CONVERSION = YES;
				CLANG_WARN_OBJC_ROOT_CLASS = YES_ERROR;
				CLANG_WARN_SUSPICIOUS_MOVE = YES;
				CLANG_WARN_UNREACHABLE_CODE = YES;
				CLANG_WARN__DUPLICATE_METHOD_MATCH = YES;
				"CODE_SIGN_IDENTITY[sdk=iphoneos*]" = "iPhone Developer";
				COPY_PHASE_STRIP = NO;
				DEBUG_INFORMATION_FORMAT = "dwarf-with-dsym";
				ENABLE_NS_ASSERTIONS = NO;
				ENABLE_STRICT_OBJC_MSGSEND = YES;
				GCC_C_LANGUAGE_STANDARD = gnu99;
				GCC_NO_COMMON_BLOCKS = YES;
				GCC_WARN_64_TO_32_BIT_CONVERSION = YES;
				GCC_WARN_ABOUT_RETURN_TYPE = YES_ERROR;
				GCC_WARN_UNDECLARED_SELECTOR = YES;
				GCC_WARN_UNINITIALIZED_AUTOS = YES_AGGRESSIVE;
				GCC_WARN_UNUSED_FUNCTION = YES;
				GCC_WARN_UNUSED_VARIABLE = YES;
				IPHONEOS_DEPLOYMENT_TARGET = 10.3;
				MTL_ENABLE_DEBUG_INFO = NO;
				SDKROOT = iphoneos;
				SWIFT_OPTIMIZATION_LEVEL = "-Owholemodule";
				TARGETED_DEVICE_FAMILY = "1,2";
				VALIDATE_PRODUCT = YES;
			};
			name = Release;
		};
		0F656D781F0C483000CCD549 /* Debug */ = {
			isa = XCBuildConfiguration;
			buildSettings = {
				ASSETCATALOG_COMPILER_APPICON_NAME = AppIcon;
				DEVELOPMENT_TEAM = A8P4MEH6J9;
				INFOPLIST_FILE = Westeros/Info.plist;
				LD_RUNPATH_SEARCH_PATHS = "$(inherited) @executable_path/Frameworks";
				PRODUCT_BUNDLE_IDENTIFIER = com.fcallau.Westeros;
				PRODUCT_NAME = "$(TARGET_NAME)";
				SWIFT_VERSION = 3.0;
			};
			name = Debug;
		};
		0F656D791F0C483000CCD549 /* Release */ = {
			isa = XCBuildConfiguration;
			buildSettings = {
				ASSETCATALOG_COMPILER_APPICON_NAME = AppIcon;
				DEVELOPMENT_TEAM = A8P4MEH6J9;
				INFOPLIST_FILE = Westeros/Info.plist;
				LD_RUNPATH_SEARCH_PATHS = "$(inherited) @executable_path/Frameworks";
				PRODUCT_BUNDLE_IDENTIFIER = com.fcallau.Westeros;
				PRODUCT_NAME = "$(TARGET_NAME)";
				SWIFT_VERSION = 3.0;
			};
			name = Release;
		};
		0F656D7B1F0C483000CCD549 /* Debug */ = {
			isa = XCBuildConfiguration;
			buildSettings = {
				ALWAYS_EMBED_SWIFT_STANDARD_LIBRARIES = YES;
				BUNDLE_LOADER = "$(TEST_HOST)";
				CLANG_ENABLE_MODULES = YES;
				DEVELOPMENT_TEAM = A8P4MEH6J9;
				INFOPLIST_FILE = WesterosTests/Info.plist;
				LD_RUNPATH_SEARCH_PATHS = "$(inherited) @executable_path/Frameworks @loader_path/Frameworks";
				PRODUCT_BUNDLE_IDENTIFIER = com.fcallau.WesterosTests;
				PRODUCT_NAME = "$(TARGET_NAME)";
				SWIFT_OPTIMIZATION_LEVEL = "-Onone";
				SWIFT_VERSION = 3.0;
				TEST_HOST = "$(BUILT_PRODUCTS_DIR)/Westeros.app/Westeros";
			};
			name = Debug;
		};
		0F656D7C1F0C483000CCD549 /* Release */ = {
			isa = XCBuildConfiguration;
			buildSettings = {
				ALWAYS_EMBED_SWIFT_STANDARD_LIBRARIES = YES;
				BUNDLE_LOADER = "$(TEST_HOST)";
				CLANG_ENABLE_MODULES = YES;
				DEVELOPMENT_TEAM = A8P4MEH6J9;
				INFOPLIST_FILE = WesterosTests/Info.plist;
				LD_RUNPATH_SEARCH_PATHS = "$(inherited) @executable_path/Frameworks @loader_path/Frameworks";
				PRODUCT_BUNDLE_IDENTIFIER = com.fcallau.WesterosTests;
				PRODUCT_NAME = "$(TARGET_NAME)";
				SWIFT_VERSION = 3.0;
				TEST_HOST = "$(BUILT_PRODUCTS_DIR)/Westeros.app/Westeros";
			};
			name = Release;
		};
/* End XCBuildConfiguration section */

/* Begin XCConfigurationList section */
		0F656D551F0C483000CCD549 /* Build configuration list for PBXProject "Westeros" */ = {
			isa = XCConfigurationList;
			buildConfigurations = (
				0F656D751F0C483000CCD549 /* Debug */,
				0F656D761F0C483000CCD549 /* Release */,
			);
			defaultConfigurationIsVisible = 0;
			defaultConfigurationName = Release;
		};
		0F656D771F0C483000CCD549 /* Build configuration list for PBXNativeTarget "Westeros" */ = {
			isa = XCConfigurationList;
			buildConfigurations = (
				0F656D781F0C483000CCD549 /* Debug */,
				0F656D791F0C483000CCD549 /* Release */,
			);
			defaultConfigurationIsVisible = 0;
			defaultConfigurationName = Release;
		};
		0F656D7A1F0C483000CCD549 /* Build configuration list for PBXNativeTarget "WesterosTests" */ = {
			isa = XCConfigurationList;
			buildConfigurations = (
				0F656D7B1F0C483000CCD549 /* Debug */,
				0F656D7C1F0C483000CCD549 /* Release */,
			);
			defaultConfigurationIsVisible = 0;
			defaultConfigurationName = Release;
		};
/* End XCConfigurationList section */
	};
	rootObject = 0F656D521F0C483000CCD549 /* Project object */;
}
